
Microsoft Visual Studio Solution File, Format Version 12.00
# Visual Studio Version 17
VisualStudioVersion = 17.4.33213.308
MinimumVisualStudioVersion = 10.0.40219.1
Project("{9A19103F-16F7-4668-BE54-9A1E7A4F7556}") = "SplitWebAPI", "SplitWebAPI.csproj", "{FB56B012-237F-4764-BD3B-888961777970}"
EndProject
Project("{2150E333-8FDC-42A3-9474-1A3956D46DE8}") = "Solution Items", "Solution Items", "{469C681B-D882-4BDA-BC33-99657A9D362E}"
	ProjectSection(SolutionItems) = preProject
		.editorconfig = .editorconfig
	EndProjectSection
EndProject
Global
	GlobalSection(SolutionConfigurationPlatforms) = preSolution
		Debug|Any CPU = Debug|Any CPU
		Release|Any CPU = Release|Any CPU
	EndGlobalSection
	GlobalSection(ProjectConfigurationPlatforms) = postSolution
		{FB56B012-237F-4764-BD3B-888961777970}.Debug|Any CPU.ActiveCfg = Debug|Any CPU
		{FB56B012-237F-4764-BD3B-888961777970}.Debug|Any CPU.Build.0 = Debug|Any CPU
		{FB56B012-237F-4764-BD3B-888961777970}.Release|Any CPU.ActiveCfg = Release|Any CPU
		{FB56B012-237F-4764-BD3B-888961777970}.Release|Any CPU.Build.0 = Release|Any CPU
	EndGlobalSection
	GlobalSection(SolutionProperties) = preSolution
		HideSolutionNode = FALSE
	EndGlobalSection
	GlobalSection(ExtensibilityGlobals) = postSolution
		SolutionGuid = {EC270F02-F28B-4B51-A87E-1B1A3676C824}
	EndGlobalSection
EndGlobal
